{
    "_meta": {
        "hash": {
            "sha256": "ae6e476f8245d8da9f68fccdb8c16da9d149ca4b540841809907d7d976e6bb58"
        },
        "pipfile-spec": 6,
        "requires": {
            "python_version": "3.10"
        },
        "sources": [
            {
                "name": "pypi",
                "url": "https://pypi.org/simple",
                "verify_ssl": true
            }
        ]
    },
    "default": {
        "async-timeout": {
            "hashes": [
                "sha256:2163e1640ddb52b7a8c80d0a67a08587e5d245cc9c553a74a847056bc2976b15",
                "sha256:8ca1e4fcf50d07413d66d1a5e416e42cfdf5851c981d679a09851a6853383b3c"
            ],
            "markers": "python_version < '3.11'",
            "version": "==4.0.2"
        },
        "click": {
            "hashes": [
                "sha256:7682dc8afb30297001674575ea00d1814d808d6a36af415a82bd481d37ba7b8e",
                "sha256:bb4d8133cb15a609f44e8213d9b391b0809795062913b383c62be0ee95b1db48"
            ],
            "markers": "python_version >= '3.7'",
            "version": "==8.1.3"
        },
        "redis": {
            "hashes": [
                "sha256:56732e156fe31801c4f43396bd3ca0c2a7f6f83d7936798531b9848d103381aa",
                "sha256:7df17a0a2b72a4c8895b462dd07616c51b1dcb48fdd7ecb7b6f4bf39ecb2e94e"
            ],
            "markers": "python_version >= '3.7'",
            "version": "==4.5.3"
        },
        "rq": {
            "hashes": [
                "sha256:5bb0380a17597200520731686766bb72faf16ebffb602663560d91ea2c9e7103",
                "sha256:621966d7cbf96d5609557a4bd3fd77f749d6d10997d2e353a3e89a14e08eea16"
            ],
            "index": "pypi",
            "version": "==1.13.0"
        }
    },
    "develop": {}
}
